<?xml version="1.0" encoding="utf-8"?>
<Project ToolsVersion="4.0" xmlns="http://schemas.microsoft.com/developer/msbuild/2003">
  <ItemGroup>
    <Filter Include="App">
      <UniqueIdentifier>{BE14D9F4-9EAF-45A2-9529-07D82AA5B556}</UniqueIdentifier>
    </Filter>
    <Filter Include="Engine">
      <UniqueIdentifier>{BB8BEE7B-E571-4DE3-8AB6-F84EC7C5F8CD}</UniqueIdentifier>
    </Filter>
    <Filter Include="Engine\2d">
      <UniqueIdentifier>{73FD5345-6763-4225-A3BD-F43CC7816DC7}</UniqueIdentifier>
    </Filter>
    <Filter Include="Engine\3d">
      <UniqueIdentifier>{FFD223B7-C52C-450B-910E-575C9F64374A}</UniqueIdentifier>
    </Filter>
    <Filter Include="Engine\3d\camera">
      <UniqueIdentifier>{E68155B9-63D9-4CD2-A012-B4B5272423B1}</UniqueIdentifier>
    </Filter>
    <Filter Include="Engine\3d\collision">
      <UniqueIdentifier>{CFA50811-0829-4743-A4F6-A38AA15D67AD}</UniqueIdentifier>
    </Filter>
    <Filter Include="Engine\3d\instancing">
      <UniqueIdentifier>{7AE30754-CF80-4726-B792-D5242FDC677D}</UniqueIdentifier>
    </Filter>
    <Filter Include="Engine\3d\model">
      <UniqueIdentifier>{84616753-82EE-4687-B241-D844870C7E78}</UniqueIdentifier>
    </Filter>
    <Filter Include="Engine\3d\object">
      <UniqueIdentifier>{4A8E772C-3C1A-4BA4-8789-EB01C3F30CDE}</UniqueIdentifier>
    </Filter>
    <Filter Include="Engine\3d\particle">
      <UniqueIdentifier>{DC24C280-77C7-4E6F-9C9E-92CC9EDE3C60}</UniqueIdentifier>
    </Filter>
    <Filter Include="Engine\3d\sky">
      <UniqueIdentifier>{BB15F5A4-FAC8-4854-B9B1-AD6E301E269B}</UniqueIdentifier>
    </Filter>
    <Filter Include="Engine\3d\utilities">
      <UniqueIdentifier>{816ABF36-B01D-48C4-8CA7-403A95AEF20A}</UniqueIdentifier>
    </Filter>
    <Filter Include="Engine\audio">
      <UniqueIdentifier>{FD0FB91F-5737-49E8-A103-4A7FF7EA9A72}</UniqueIdentifier>
    </Filter>
    <Filter Include="Engine\base">
      <UniqueIdentifier>{F37617EC-C41E-4485-A791-5CC3D163050F}</UniqueIdentifier>
    </Filter>
    <Filter Include="Engine\collision">
      <UniqueIdentifier>{FED0F537-40F0-44F8-8C68-1BC8DD9F7483}</UniqueIdentifier>
    </Filter>
    <Filter Include="Engine\flame">
      <UniqueIdentifier>{9D1137CC-2DBB-4CF9-B2F1-83AB88E60B62}</UniqueIdentifier>
    </Filter>
    <Filter Include="Engine\flame\helpers">
      <UniqueIdentifier>{B613AC04-AD64-4D17-BEA5-3D172390F921}</UniqueIdentifier>
    </Filter>
    <Filter Include="Engine\flame\repositories">
      <UniqueIdentifier>{2DD24BE9-4721-4C4B-9F7D-7C1F5C511D29}</UniqueIdentifier>
    </Filter>
    <Filter Include="Engine\math">
      <UniqueIdentifier>{54434938-DC8E-4BE9-ACCA-40B73762817A}</UniqueIdentifier>
    </Filter>
    <Filter Include="Player">
      <UniqueIdentifier>{C8915C13-2F39-4B39-99DC-9BB5762B26F4}</UniqueIdentifier>
    </Filter>
    <Filter Include="Resources">
      <UniqueIdentifier>{7E0D490B-6B8B-4065-AD00-7421387EC0C3}</UniqueIdentifier>
    </Filter>
    <Filter Include="Resources\Shader">
      <UniqueIdentifier>{089DBD8B-4A87-4C0E-A1EE-70C29394F0AA}</UniqueIdentifier>
    </Filter>
    <Filter Include="Scene">
      <UniqueIdentifier>{BCD9F99E-CC5B-49A8-81F3-3DBF6EAA330E}</UniqueIdentifier>
    </Filter>
  </ItemGroup>
  <ItemGroup>
    <ClCompile Include="Engine\2d\LineCommon.cpp">
      <Filter>Engine\2d</Filter>
    </ClCompile>
    <ClCompile Include="Engine\2d\LineDrawer.cpp">
      <Filter>Engine\2d</Filter>
    </ClCompile>
    <ClCompile Include="Engine\2d\Sprite.cpp">
      <Filter>Engine\2d</Filter>
    </ClCompile>
    <ClCompile Include="Engine\2d\SpriteCommon.cpp">
      <Filter>Engine\2d</Filter>
    </ClCompile>
    <ClCompile Include="Engine\2d\TextureManager.cpp">
      <Filter>Engine\2d</Filter>
    </ClCompile>
    <ClCompile Include="Engine\3d\camera\Camera.cpp">
      <Filter>Engine\3d\camera</Filter>
    </ClCompile>
    <ClCompile Include="Engine\3d\instancing\InstancingModel.cpp">
      <Filter>Engine\3d\instancing</Filter>
    </ClCompile>
    <ClCompile Include="Engine\3d\instancing\InstancingModelCommon.cpp">
      <Filter>Engine\3d\instancing</Filter>
    </ClCompile>
    <ClCompile Include="Engine\3d\model\Model.cpp">
      <Filter>Engine\3d\model</Filter>
    </ClCompile>
    <ClCompile Include="Engine\3d\model\ModelCommon.cpp">
      <Filter>Engine\3d\model</Filter>
    </ClCompile>
    <ClCompile Include="Engine\3d\model\ModelManager.cpp">
      <Filter>Engine\3d\model</Filter>
    </ClCompile>
    <ClCompile Include="Engine\3d\object\Object3d.cpp">
      <Filter>Engine\3d\object</Filter>
    </ClCompile>
    <ClCompile Include="Engine\3d\object\Object3dCommon.cpp">
      <Filter>Engine\3d\object</Filter>
    </ClCompile>
    <ClCompile Include="Engine\3d\particle\ParticleEmitter.cpp">
      <Filter>Engine\3d\particle</Filter>
    </ClCompile>
    <ClCompile Include="Engine\3d\particle\ParticleManager.cpp">
      <Filter>Engine\3d\particle</Filter>
    </ClCompile>
    <ClCompile Include="Engine\3d\utilities\PrimitiveMeshGenerator.cpp">
      <Filter>Engine\3d\utilities</Filter>
    </ClCompile>
	<ClCompile Include="Engine\3d\particle\TrailRenderer.cpp">
	  <Filter>Engine\3d\particle</Filter>
	</ClCompile>
    <ClCompile Include="Engine\3d\sky\SkyBox.cpp">
      <Filter>Engine\3d\sky</Filter>
    </ClCompile>
    <ClCompile Include="Engine\3d\sky\SkyBoxCommon.cpp">
      <Filter>Engine\3d\sky</Filter>
    </ClCompile>
    <ClCompile Include="Engine\3d\sky\AtmosphereSky.cpp">
      <Filter>Engine\3d\sky</Filter>
    </ClCompile>
    <ClCompile Include="Engine\3d\utilities\SkeletonAnimationUtility.cpp">
      <Filter>Engine\3d\utilities</Filter>
    </ClCompile>
    <ClCompile Include="Engine\audio\Audio.cpp">
      <Filter>Engine\audio</Filter>
    </ClCompile>
    <ClCompile Include="Engine\base\D3DResourceLeakChecker.cpp">
      <Filter>Engine\base</Filter>
    </ClCompile>
    <ClCompile Include="Engine\base\DirectXCommon.cpp">
      <Filter>Engine\base</Filter>
    </ClCompile>
    <ClCompile Include="Engine\base\ScreenCapture.cpp">
      <Filter>Engine\base</Filter>
    </ClCompile>
    <ClCompile Include="Engine\base\ImGuiManager.cpp">
      <Filter>Engine\base</Filter>
    </ClCompile>
    <ClCompile Include="Engine\base\Input.cpp">
      <Filter>Engine\base</Filter>
    </ClCompile>
    <ClCompile Include="Engine\base\Logger.cpp">
      <Filter>Engine\base</Filter>
    </ClCompile>
    <ClCompile Include="Engine\base\PostEffect.cpp">
      <Filter>Engine\base</Filter>
    </ClCompile>
    <ClCompile Include="Engine\base\PerformanceMonitor.cpp">
      <Filter>Engine\base</Filter>
    </ClCompile>
    <ClCompile Include="Engine\base\Resource.cpp">
      <Filter>Engine\base</Filter>
    </ClCompile>
    <ClCompile Include="Engine\base\SrvManager.cpp">
      <Filter>Engine\base</Filter>
    </ClCompile>
    <ClCompile Include="Engine\base\StringUtility.cpp">
      <Filter>Engine\base</Filter>
    </ClCompile>
    <ClCompile Include="Engine\base\WinApp.cpp">
      <Filter>Engine\base</Filter>
    </ClCompile>
    <ClCompile Include="Engine\collision\CollisionPrimitive.cpp">
      <Filter>Engine\collision</Filter>
    </ClCompile>
    <ClCompile Include="Engine\flame\BaseScene.cpp">
      <Filter>Engine\flame</Filter>
    </ClCompile>
    <ClCompile Include="Engine\flame\BaseSceneEditor.cpp">
      <Filter>Engine\flame</Filter>
    </ClCompile>
    <ClCompile Include="Engine\flame\BaseSceneRuntime.cpp">
      <Filter>Engine\flame</Filter>
    </ClCompile>
    <ClCompile Include="Engine\flame\BaseSceneSerialization.cpp">
      <Filter>Engine\flame</Filter>
    </ClCompile>
    <ClCompile Include="Engine\flame\FlameWork.cpp">
      <Filter>Engine\flame</Filter>
    </ClCompile>
    <ClCompile Include="Engine\flame\Game.cpp">
      <Filter>Engine\flame</Filter>
    </ClCompile>
    <ClCompile Include="Engine\math\Matrix.cpp">
      <Filter>Engine\math</Filter>
    </ClCompile>
    <ClCompile Include="Engine\math\Quaternion.cpp">
      <Filter>Engine\math</Filter>
    </ClCompile>
    <ClCompile Include="Engine\math\Screen.cpp">
      <Filter>Engine\math</Filter>
    </ClCompile>
    <ClCompile Include="Engine\math\Vector.cpp">
      <Filter>Engine\math</Filter>
    </ClCompile>
    <ClCompile Include="main.cpp">
      <Filter>App</Filter>
    </ClCompile>
    <ClCompile Include="Player\Player.cpp">
      <Filter>Player</Filter>
    </ClCompile>
    <ClCompile Include="scene\GamePlayScene.cpp">
      <Filter>Scene</Filter>
    </ClCompile>
	<ClCompile Include="scene\PlayerSelectScene.cpp">
	  <Filter>Scene</Filter>
	</ClCompile>
	<ClCompile Include="scene\StageSelectScene.cpp">
	  <Filter>Scene</Filter>
	</ClCompile>
	<ClCompile Include="scene\ResultScene.cpp">
	  <Filter>Scene</Filter>
	</ClCompile>
    <ClCompile Include="scene\SceneFactory.cpp">
      <Filter>Scene</Filter>
    </ClCompile>
    <ClCompile Include="scene\SceneManager.cpp">
      <Filter>Scene</Filter>
    </ClCompile>
    <ClCompile Include="scene\TitleScene.cpp">
      <Filter>Scene</Filter>
    </ClCompile>
  </ItemGroup>
  <ItemGroup>
    <ClInclude Include="Engine\2d\LineCommon.h">
      <Filter>Engine\2d</Filter>
    </ClInclude>
    <ClInclude Include="Engine\2d\LineDrawer.h">
      <Filter>Engine\2d</Filter>
    </ClInclude>
    <ClInclude Include="Engine\2d\Sprite.h">
      <Filter>Engine\2d</Filter>
    </ClInclude>
    <ClInclude Include="Engine\2d\SpriteCommon.h">
      <Filter>Engine\2d</Filter>
    </ClInclude>
    <ClInclude Include="Engine\2d\SpriteComponent.h">
      <Filter>Engine\2d</Filter>
    </ClInclude>
    <ClInclude Include="Engine\2d\TextComponent.h">
      <Filter>Engine\2d</Filter>
    </ClInclude>
    <ClInclude Include="Engine\2d\TextureManager.h">
      <Filter>Engine\2d</Filter>
    </ClInclude>
    <ClInclude Include="Engine\3d\camera\Camera.h">
      <Filter>Engine\3d\camera</Filter>
    </ClInclude>
    <ClInclude Include="Engine\3d\camera\CameraComponent.h">
      <Filter>Engine\3d\camera</Filter>
    </ClInclude>
    <ClInclude Include="Engine\3d\instancing\InstancingModel.h">
      <Filter>Engine\3d\instancing</Filter>
    </ClInclude>
    <ClInclude Include="Engine\3d\instancing\InstancingModelCommon.h">
      <Filter>Engine\3d\instancing</Filter>
    </ClInclude>
    <ClInclude Include="Engine\3d\model\Model.h">
      <Filter>Engine\3d\model</Filter>
    </ClInclude>
    <ClInclude Include="Engine\3d\model\ModelCommon.h">
      <Filter>Engine\3d\model</Filter>
    </ClInclude>
    <ClInclude Include="Engine\3d\model\ModelManager.h">
      <Filter>Engine\3d\model</Filter>
    </ClInclude>
    <ClInclude Include="Engine\3d\collision\OBBColliderComponent.h">
      <Filter>Engine\3d\collision</Filter>
    </ClInclude>
    <ClInclude Include="Engine\3d\object\Object3d.h">
      <Filter>Engine\3d\object</Filter>
    </ClInclude>
    <ClInclude Include="Engine\3d\object\Object3dCommon.h">
      <Filter>Engine\3d\object</Filter>
    </ClInclude>
    <ClInclude Include="Engine\3d\object\Object3dComponent.h">
      <Filter>Engine\3d\object</Filter>
    </ClInclude>
    <ClInclude Include="Engine\3d\object\PointLightComponent.h">
      <Filter>Engine\3d\object</Filter>
    </ClInclude>
    <ClInclude Include="Engine\3d\particle\ParticleEmitter.h">
      <Filter>Engine\3d\particle</Filter>
    </ClInclude>
    <ClInclude Include="Engine\3d\particle\ParticleEmitterComponent.h">
      <Filter>Engine\3d\particle</Filter>
    </ClInclude>
	<ClInclude Include="Engine\3d\particle\TrailRenderer.h">
	  <Filter>Engine\3d\particle</Filter>
	</ClInclude>
	<ClInclude Include="Engine\3d\particle\TrailRendererComponent.h">
	  <Filter>Engine\3d\particle</Filter>
	</ClInclude>
	<ClInclude Include="Engine\3d\particle\GlowBillboardComponent.h">
	  <Filter>Engine\3d\particle</Filter>
	</ClInclude>
    <ClInclude Include="Engine\3d\particle\ParticleManager.h">
      <Filter>Engine\3d\particle</Filter>
    </ClInclude>
    <ClInclude Include="Engine\3d\utilities\PrimitiveMeshGenerator.h">
      <Filter>Engine\3d\utilities</Filter>
    </ClInclude>
    <ClInclude Include="Engine\3d\sky\SkyBox.h">
      <Filter>Engine\3d\sky</Filter>
    </ClInclude>
    <ClInclude Include="Engine\3d\sky\SkyBoxCommon.h">
      <Filter>Engine\3d\sky</Filter>
    </ClInclude>
    <ClInclude Include="Engine\3d\sky\AtmosphereSky.h">
      <Filter>Engine\3d\sky</Filter>
    </ClInclude>
    <ClInclude Include="Engine\3d\sky\AtmosphereSystem.h">
      <Filter>Engine\3d\sky</Filter>
    </ClInclude>
    <ClInclude Include="Engine\3d\utilities\SkeletonAnimationUtility.h">
      <Filter>Engine\3d\utilities</Filter>
    </ClInclude>
    <ClInclude Include="Engine\3d\collision\SphereColliderComponent.h">
      <Filter>Engine\3d\collision</Filter>
    </ClInclude>
    <ClInclude Include="Engine\audio\Audio.h">
      <Filter>Engine\audio</Filter>
    </ClInclude>
    <ClInclude Include="Engine\base\D3DResourceLeakChecker.h">
      <Filter>Engine\base</Filter>
    </ClInclude>
    <ClInclude Include="Engine\base\DirectXCommon.h">
      <Filter>Engine\base</Filter>
    </ClInclude>
    <ClInclude Include="Engine\base\ScreenCapture.h">
      <Filter>Engine\base</Filter>
    </ClInclude>
    <ClInclude Include="Engine\base\GameTime.h">
      <Filter>Engine\base</Filter>
    </ClInclude>
    <ClInclude Include="Engine\base\ImGuiManager.h">
      <Filter>Engine\base</Filter>
    </ClInclude>
    <ClInclude Include="Engine\base\Input.h">
      <Filter>Engine\base</Filter>
    </ClInclude>
    <ClInclude Include="Engine\base\Logger.h">
      <Filter>Engine\base</Filter>
    </ClInclude>
    <ClInclude Include="Engine\base\PostEffect.h">
      <Filter>Engine\base</Filter>
    </ClInclude>
    <ClInclude Include="Engine\base\PerformanceMonitor.h">
      <Filter>Engine\base</Filter>
    </ClInclude>
    <ClInclude Include="Engine\base\PipelineStateUtility.h">
      <Filter>Engine\base</Filter>
    </ClInclude>
    <ClInclude Include="Engine\base\Resource.h">
      <Filter>Engine\base</Filter>
    </ClInclude>
    <ClInclude Include="Engine\base\SrvManager.h">
      <Filter>Engine\base</Filter>
    </ClInclude>
    <ClInclude Include="Engine\base\StringUtility.h">
      <Filter>Engine\base</Filter>
    </ClInclude>
    <ClInclude Include="Engine\base\struct.h">
      <Filter>Engine\base</Filter>
    </ClInclude>
    <ClInclude Include="Engine\base\WinApp.h">
      <Filter>Engine\base</Filter>
    </ClInclude>
    <ClInclude Include="Engine\collision\CollisionPrimitive.h">
      <Filter>Engine\collision</Filter>
    </ClInclude>
    <ClInclude Include="Engine\flame\AbstractSceneFactory.h">
      <Filter>Engine\flame</Filter>
    </ClInclude>
    <ClInclude Include="Engine\flame\BaseScene.h">
      <Filter>Engine\flame</Filter>
    </ClInclude>
    <ClInclude Include="Engine\flame\helpers\BaseSceneResourceCatalog.h">
      <Filter>Engine\flame\helpers</Filter>
    </ClInclude>
    <ClInclude Include="Engine\flame\helpers\BaseSceneCollisionHelpers.h">
      <Filter>Engine\flame\helpers</Filter>
    </ClInclude>
    <ClInclude Include="Engine\flame\helpers\BaseSceneEditorGeometry.h">
      <Filter>Engine\flame\helpers</Filter>
    </ClInclude>
    <ClInclude Include="Engine\flame\repositories\EnemyStatusRepository.h">
      <Filter>Engine\flame\repositories</Filter>
    </ClInclude>
    <ClInclude Include="Engine\flame\repositories\PlayerStatusRepository.h">
      <Filter>Engine\flame\repositories</Filter>
    </ClInclude>
	<ClInclude Include="Engine\flame\EnemyComponent.h">
	  <Filter>Engine\flame</Filter>
	</ClInclude>
	<ClInclude Include="Engine\flame\StageResultData.h">
	  <Filter>Engine\flame</Filter>
	</ClInclude>
    <ClInclude Include="Engine\flame\EnemySpawnPointComponent.h">
      <Filter>Engine\flame</Filter>
    </ClInclude>
    <ClInclude Include="Engine\flame\ExperienceComponent.h">
      <Filter>Engine\flame</Filter>
    </ClInclude>
    <ClInclude Include="Engine\flame\ItemDropComponent.h">
      <Filter>Engine\flame</Filter>
    </ClInclude>
    <ClInclude Include="Engine\flame\PlayerAttackComponent.h">
      <Filter>Engine\flame</Filter>
    </ClInclude>
    <ClInclude Include="Engine\flame\PlayerProjectileComponent.h">
      <Filter>Engine\flame</Filter>
    </ClInclude>
    <ClInclude Include="Engine\flame\repositories\ParticlePresetRepository.h">
      <Filter>Engine\flame\repositories</Filter>
    </ClInclude>
    <ClInclude Include="Engine\flame\helpers\SceneJsonUtility.h">
      <Filter>Engine\flame\helpers</Filter>
    </ClInclude>
    <ClInclude Include="Engine\flame\Component.h">
      <Filter>Engine\flame</Filter>
    </ClInclude>
    <ClInclude Include="Engine\flame\FlameWork.h">
      <Filter>Engine\flame</Filter>
    </ClInclude>
    <ClInclude Include="Engine\flame\Game.h">
      <Filter>Engine\flame</Filter>
    </ClInclude>
    <ClInclude Include="Engine\flame\GameObject.h">
      <Filter>Engine\flame</Filter>
    </ClInclude>
    <ClInclude Include="Engine\math\algorithm.h">
      <Filter>Engine\math</Filter>
    </ClInclude>
    <ClInclude Include="Engine\math\Matrix.h">
      <Filter>Engine\math</Filter>
    </ClInclude>
    <ClInclude Include="Engine\math\MathConstants.h">
      <Filter>Engine\math</Filter>
    </ClInclude>
    <ClInclude Include="Engine\math\Quaternion.h">
      <Filter>Engine\math</Filter>
    </ClInclude>
    <ClInclude Include="Engine\math\Screen.h">
      <Filter>Engine\math</Filter>
    </ClInclude>
    <ClInclude Include="Engine\math\Vector.h">
      <Filter>Engine\math</Filter>
    </ClInclude>
    <ClInclude Include="Player\Player.h">
      <Filter>Player</Filter>
    </ClInclude>
    <ClInclude Include="scene\GamePlayScene.h">
      <Filter>Scene</Filter>
    </ClInclude>
	<ClInclude Include="scene\PlayerSelectScene.h">
	  <Filter>Scene</Filter>
	</ClInclude>
	<ClInclude Include="scene\StageSelectScene.h">
	  <Filter>Scene</Filter>
	</ClInclude>
	<ClInclude Include="scene\ResultScene.h">
	  <Filter>Scene</Filter>
	</ClInclude>
    <ClInclude Include="scene\SceneFactory.h">
      <Filter>Scene</Filter>
    </ClInclude>
    <ClInclude Include="scene\SceneManager.h">
      <Filter>Scene</Filter>
    </ClInclude>
    <ClInclude Include="scene\TitleScene.h">
      <Filter>Scene</Filter>
    </ClInclude>
  </ItemGroup>
  <ItemGroup>
    <FxCompile Include="Resources\Shader\CopyImage.PS.hlsl">
      <Filter>Resources\Shader</Filter>
    </FxCompile>
    <FxCompile Include="Resources\Shader\CopyImage.VS.hlsl">
      <Filter>Resources\Shader</Filter>
    </FxCompile>
    <FxCompile Include="Resources\Shader\FullScreen.PS.hlsl">
      <Filter>Resources\Shader</Filter>
    </FxCompile>
    <FxCompile Include="Resources\Shader\Instancing.VS.hlsl">
      <Filter>Resources\Shader</Filter>
    </FxCompile>
    <FxCompile Include="Resources\Shader\Line.PS.hlsl">
      <Filter>Resources\Shader</Filter>
    </FxCompile>
    <FxCompile Include="Resources\Shader\Line.VS.hlsl">
      <Filter>Resources\Shader</Filter>
    </FxCompile>
    <FxCompile Include="Resources\Shader\Object3d.PS.hlsl">
      <Filter>Resources\Shader</Filter>
    </FxCompile>
    <FxCompile Include="Resources\Shader\Object3d.VS.hlsl">
      <Filter>Resources\Shader</Filter>
    </FxCompile>
    <FxCompile Include="Resources\Shader\ShadowMap.PS.hlsl">
      <Filter>Resources\Shader</Filter>
    </FxCompile>
    <FxCompile Include="Resources\Shader\ShadowMap.VS.hlsl">
      <Filter>Resources\Shader</Filter>
    </FxCompile>
    <FxCompile Include="Resources\Shader\ShadowReceiver.PS.hlsl">
      <Filter>Resources\Shader</Filter>
    </FxCompile>
    <FxCompile Include="Resources\Shader\Particle.PS.hlsl">
      <Filter>Resources\Shader</Filter>
    </FxCompile>
    <FxCompile Include="Resources\Shader\Particle.VS.hlsl">
      <Filter>Resources\Shader</Filter>
    </FxCompile>
    <FxCompile Include="Resources\Shader\SkyBox.PS.hlsl">
      <Filter>Resources\Shader</Filter>
    </FxCompile>
    <FxCompile Include="Resources\Shader\SkyBox.VS.hlsl">
      <Filter>Resources\Shader</Filter>
    </FxCompile>
    <FxCompile Include="Resources\Shader\AtmosphereSky.PS.hlsl">
      <Filter>Resources\Shader</Filter>
    </FxCompile>
    <FxCompile Include="Resources\Shader\AtmosphereSky.VS.hlsl">
      <Filter>Resources\Shader</Filter>
    </FxCompile>
    <FxCompile Include="Resources\Shader\Bloom.PS.hlsl">
      <Filter>Resources\Shader</Filter>
    </FxCompile>
    <FxCompile Include="Resources\Shader\Sprite.VS.hlsl">
      <Filter>Resources\Shader</Filter>
    </FxCompile>
  </ItemGroup>
  <ItemGroup>
    <None Include="Resources\Shader\CopyImage.hlsli">
      <Filter>Resources\Shader</Filter>
    </None>
    <None Include="Resources\Shader\FullScreen.hlsli">
      <Filter>Resources\Shader</Filter>
    </None>
    <None Include="Resources\Shader\Object3d.hlsli">
      <Filter>Resources\Shader</Filter>
    </None>
    <None Include="Resources\Shader\Particle.hlsli">
      <Filter>Resources\Shader</Filter>
    </None>
    <None Include="Resources\Shader\SkyBox.hlsli">
      <Filter>Resources\Shader</Filter>
    </None>
  </ItemGroup>
</Project>
